{
  "nodes": {
    "fixmath-master": {
      "inputs": {
        "flakeNimbleLib": [
          "flakeNimbleLib"
        ],
        "nixpkgs": [
          "nixpkgs"
        ],
        "src-fixmath-master": "src-fixmath-master"
      },
      "locked": {
        "dir": "master",
        "lastModified": 1662254467,
        "narHash": "sha256-gc5D6yom0flhEs9r5odqZGBrmnL+XTTVU7dMqLiIk+4=",
        "owner": "nim-nix-pkgs",
        "repo": "fixmath",
        "rev": "44bb18fbe94ab72babfee53508d7f06f271ee2a5",
        "type": "github"
      },
      "original": {
        "dir": "master",
        "owner": "nim-nix-pkgs",
        "ref": "master",
        "repo": "fixmath",
        "type": "github"
      }
    },
    "flakeNimbleLib": {
      "inputs": {
        "nixpkgs": [
          "nixpkgs"
        ]
      },
      "locked": {
        "lastModified": 1662018438,
        "narHash": "sha256-QtNtU6+LX3Wokxf0zlFwKTFOcn6TeDjKQZ+DA9OYtvM=",
        "owner": "riinr",
        "repo": "nim-flakes-lib",
        "rev": "b1fe8340736e3a85d25c709ac3dfd82a55c03cbf",
        "type": "github"
      },
      "original": {
        "owner": "riinr",
        "ref": "master",
        "repo": "nim-flakes-lib",
        "type": "github"
      }
    },
    "nixpkgs": {
      "locked": {
        "lastModified": 1667110639,
        "narHash": "sha256-4FbPESZ5LbqQxkJJJBAfk/zKgF9h/4kyUwjjpJwYlbc=",
        "owner": "NixOS",
        "repo": "nixpkgs",
        "rev": "f38a1f04d1bec1feb61fd101a0539ae2002a7087",
        "type": "github"
      },
      "original": {
        "id": "nixpkgs",
        "type": "indirect"
      }
    },
    "root": {
      "inputs": {
        "fixmath-master": "fixmath-master",
        "flakeNimbleLib": "flakeNimbleLib",
        "nixpkgs": "nixpkgs"
      }
    },
    "src-fixmath-master": {
      "flake": false,
      "locked": {
        "lastModified": 1466101844,
        "narHash": "sha256-Z7R80nrA6Sw/93P/uryFDzXkYVJ4hOi5bbKB0WstUXs=",
        "owner": "Jeff-Ciesielski",
        "repo": "fixmath",
        "rev": "e51e50a4baa63617e8308aed3491986e13672234",
        "type": "github"
      },
      "original": {
        "owner": "Jeff-Ciesielski",
        "ref": "refs/heads/master",
        "repo": "fixmath",
        "type": "github"
      }
    }
  },
  "root": "root",
  "version": 7
}
